// !$*UTF8*$!
{
	archiveVersion = 1;
	classes = {
	};
	objectVersion = 77;
	objects = {

/* Begin PBXBuildFile section */
		BBBE88902D2A2D4300194190 /* SwiftyNet.framework in Frameworks */ = {isa = PBXBuildFile; fileRef = BBBE888F2D2A2D4300194190 /* SwiftyNet.framework */; };
		BBBE88912D2A2D4300194190 /* SwiftyNet.framework in Embed Frameworks */ = {isa = PBXBuildFile; fileRef = BBBE888F2D2A2D4300194190 /* SwiftyNet.framework */; settings = {ATTRIBUTES = (CodeSignOnCopy, RemoveHeadersOnCopy, ); }; };
/* End PBXBuildFile section */

/* Begin PBXContainerItemProxy section */
		BB026B122D29D1EE00DE3D1F /* PBXContainerItemProxy */ = {
			isa = PBXContainerItemProxy;
			containerPortal = BB026AF62D29D1EC00DE3D1F /* Project object */;
			proxyType = 1;
			remoteGlobalIDString = BB026AFD2D29D1EC00DE3D1F;
			remoteInfo = ExampleSwiftyNet;
		};
		BB026B1C2D29D1EE00DE3D1F /* PBXContainerItemProxy */ = {
			isa = PBXContainerItemProxy;
			containerPortal = BB026AF62D29D1EC00DE3D1F /* Project object */;
			proxyType = 1;
			remoteGlobalIDString = BB026AFD2D29D1EC00DE3D1F;
			remoteInfo = ExampleSwiftyNet;
		};
/* End PBXContainerItemProxy section */

/* Begin PBXCopyFilesBuildPhase section */
		BBBE88922D2A2D4400194190 /* Embed Frameworks */ = {
			isa = PBXCopyFilesBuildPhase;
			buildActionMask = 2147483647;
			dstPath = "";
			dstSubfolderSpec = 10;
			files = (
				BBBE88912D2A2D4300194190 /* SwiftyNet.framework in Embed Frameworks */,
			);
			name = "Embed Frameworks";
			runOnlyForDeploymentPostprocessing = 0;
		};
/* End PBXCopyFilesBuildPhase section */

/* Begin PBXFileReference section */
		BB026AFE2D29D1EC00DE3D1F /* ExampleSwiftyNet.app */ = {isa = PBXFileReference; explicitFileType = wrapper.application; includeInIndex = 0; path = ExampleSwiftyNet.app; sourceTree = BUILT_PRODUCTS_DIR; };
		BB026B112D29D1EE00DE3D1F /* ExampleSwiftyNetTests.xctest */ = {isa = PBXFileReference; explicitFileType = wrapper.cfbundle; includeInIndex = 0; path = ExampleSwiftyNetTests.xctest; sourceTree = BUILT_PRODUCTS_DIR; };
		BB026B1B2D29D1EE00DE3D1F /* ExampleSwiftyNetUITests.xctest */ = {isa = PBXFileReference; explicitFileType = wrapper.cfbundle; includeInIndex = 0; path = ExampleSwiftyNetUITests.xctest; sourceTree = BUILT_PRODUCTS_DIR; };
		BBBE888F2D2A2D4300194190 /* SwiftyNet.framework */ = {isa = PBXFileReference; explicitFileType = wrapper.framework; path = SwiftyNet.framework; sourceTree = BUILT_PRODUCTS_DIR; };
/* End PBXFileReference section */

/* Begin PBXFileSystemSynchronizedRootGroup section */
		BB026B002D29D1EC00DE3D1F /* ExampleSwiftyNet */ = {
			isa = PBXFileSystemSynchronizedRootGroup;
			path = ExampleSwiftyNet;
			sourceTree = "<group>";
		};
		BB026B142D29D1EE00DE3D1F /* ExampleSwiftyNetTests */ = {
			isa = PBXFileSystemSynchronizedRootGroup;
			path = ExampleSwiftyNetTests;
			sourceTree = "<group>";
		};
		BB026B1E2D29D1EE00DE3D1F /* ExampleSwiftyNetUITests */ = {
			isa = PBXFileSystemSynchronizedRootGroup;
			path = ExampleSwiftyNetUITests;
			sourceTree = "<group>";
		};
/* End PBXFileSystemSynchronizedRootGroup section */

/* Begin PBXFrameworksBuildPhase section */
		BB026AFB2D29D1EC00DE3D1F /* Frameworks */ = {
			isa = PBXFrameworksBuildPhase;
			buildActionMask = 2147483647;
			files = (
				BBBE88902D2A2D4300194190 /* SwiftyNet.framework in Frameworks */,
			);
			runOnlyForDeploymentPostprocessing = 0;
		};
		BB026B0E2D29D1EE00DE3D1F /* Frameworks */ = {
			isa = PBXFrameworksBuildPhase;
			buildActionMask = 2147483647;
			files = (
			);
			runOnlyForDeploymentPostprocessing = 0;
		};
		BB026B182D29D1EE00DE3D1F /* Frameworks */ = {
			isa = PBXFrameworksBuildPhase;
			buildActionMask = 2147483647;
			files = (
			);
			runOnlyForDeploymentPostprocessing = 0;
		};
/* End PBXFrameworksBuildPhase section */

/* Begin PBXGroup section */
		BB026AF52D29D1EC00DE3D1F = {
			isa = PBXGroup;
			children = (
				BB026B002D29D1EC00DE3D1F /* ExampleSwiftyNet */,
				BB026B142D29D1EE00DE3D1F /* ExampleSwiftyNetTests */,
				BB026B1E2D29D1EE00DE3D1F /* ExampleSwiftyNetUITests */,
				BBBE888E2D2A2D4300194190 /* Frameworks */,
				BB026AFF2D29D1EC00DE3D1F /* Products */,
			);
			sourceTree = "<group>";
		};
		BB026AFF2D29D1EC00DE3D1F /* Products */ = {
			isa = PBXGroup;
			children = (
				BB026AFE2D29D1EC00DE3D1F /* ExampleSwiftyNet.app */,
				BB026B112D29D1EE00DE3D1F /* ExampleSwiftyNetTests.xctest */,
				BB026B1B2D29D1EE00DE3D1F /* ExampleSwiftyNetUITests.xctest */,
			);
			name = Products;
			sourceTree = "<group>";
		};
		BBBE888E2D2A2D4300194190 /* Frameworks */ = {
			isa = PBXGroup;
			children = (
				BBBE888F2D2A2D4300194190 /* SwiftyNet.framework */,
			);
			name = Frameworks;
			sourceTree = "<group>";
		};
/* End PBXGroup section */

/* Begin PBXNativeTarget section */
		BB026AFD2D29D1EC00DE3D1F /* ExampleSwiftyNet */ = {
			isa = PBXNativeTarget;
			buildConfigurationList = BB026B252D29D1EE00DE3D1F /* Build configuration list for PBXNativeTarget "ExampleSwiftyNet" */;
			buildPhases = (
				BB026AFA2D29D1EC00DE3D1F /* Sources */,
				BB026AFB2D29D1EC00DE3D1F /* Frameworks */,
				BB026AFC2D29D1EC00DE3D1F /* Resources */,
				BBBE88922D2A2D4400194190 /* Embed Frameworks */,
			);
			buildRules = (
			);
			dependencies = (
			);
			fileSystemSynchronizedGroups = (
				BB026B002D29D1EC00DE3D1F /* ExampleSwiftyNet */,
			);
			name = ExampleSwiftyNet;
			packageProductDependencies = (
			);
			productName = ExampleSwiftyNet;
			productReference = BB026AFE2D29D1EC00DE3D1F /* ExampleSwiftyNet.app */;
			productType = "com.apple.product-type.application";
		};
		BB026B102D29D1EE00DE3D1F /* ExampleSwiftyNetTests */ = {
			isa = PBXNativeTarget;
			buildConfigurationList = BB026B282D29D1EE00DE3D1F /* Build configuration list for PBXNativeTarget "ExampleSwiftyNetTests" */;
			buildPhases = (
				BB026B0D2D29D1EE00DE3D1F /* Sources */,
				BB026B0E2D29D1EE00DE3D1F /* Frameworks */,
				BB026B0F2D29D1EE00DE3D1F /* Resources */,
			);
			buildRules = (
			);
			dependencies = (
				BB026B132D29D1EE00DE3D1F /* PBXTargetDependency */,
			);
			fileSystemSynchronizedGroups = (
				BB026B142D29D1EE00DE3D1F /* ExampleSwiftyNetTests */,
			);
			name = ExampleSwiftyNetTests;
			packageProductDependencies = (
			);
			productName = ExampleSwiftyNetTests;
			productReference = BB026B112D29D1EE00DE3D1F /* ExampleSwiftyNetTests.xctest */;
			productType = "com.apple.product-type.bundle.unit-test";
		};
		BB026B1A2D29D1EE00DE3D1F /* ExampleSwiftyNetUITests */ = {
			isa = PBXNativeTarget;
			buildConfigurationList = BB026B2B2D29D1EE00DE3D1F /* Build configuration list for PBXNativeTarget "ExampleSwiftyNetUITests" */;
			buildPhases = (
				BB026B172D29D1EE00DE3D1F /* Sources */,
				BB026B182D29D1EE00DE3D1F /* Frameworks */,
				BB026B192D29D1EE00DE3D1F /* Resources */,
			);
			buildRules = (
			);
			dependencies = (
				BB026B1D2D29D1EE00DE3D1F /* PBXTargetDependency */,
			);
			fileSystemSynchronizedGroups = (
				BB026B1E2D29D1EE00DE3D1F /* ExampleSwiftyNetUITests */,
			);
			name = ExampleSwiftyNetUITests;
			packageProductDependencies = (
			);
			productName = ExampleSwiftyNetUITests;
			productReference = BB026B1B2D29D1EE00DE3D1F /* ExampleSwiftyNetUITests.xctest */;
			productType = "com.apple.product-type.bundle.ui-testing";
		};
/* End PBXNativeTarget section */

/* Begin PBXProject section */
		BB026AF62D29D1EC00DE3D1F /* Project object */ = {
			isa = PBXProject;
			attributes = {
				BuildIndependentTargetsInParallel = 1;
				LastSwiftUpdateCheck = 1600;
				LastUpgradeCheck = 1620;
				TargetAttributes = {
					BB026AFD2D29D1EC00DE3D1F = {
						CreatedOnToolsVersion = 16.0;
					};
					BB026B102D29D1EE00DE3D1F = {
						CreatedOnToolsVersion = 16.0;
						TestTargetID = BB026AFD2D29D1EC00DE3D1F;
					};
					BB026B1A2D29D1EE00DE3D1F = {
						CreatedOnToolsVersion = 16.0;
						TestTargetID = BB026AFD2D29D1EC00DE3D1F;
					};
				};
			};
			buildConfigurationList = BB026AF92D29D1EC00DE3D1F /* Build configuration list for PBXProject "ExampleSwiftyNet" */;
			developmentRegion = en;
			hasScannedForEncodings = 0;
			knownRegions = (
				en,
				Base,
			);
			mainGroup = BB026AF52D29D1EC00DE3D1F;
			minimizedProjectReferenceProxies = 1;
			preferredProjectObjectVersion = 77;
			productRefGroup = BB026AFF2D29D1EC00DE3D1F /* Products */;
			projectDirPath = "";
			projectRoot = "";
			targets = (
				BB026AFD2D29D1EC00DE3D1F /* ExampleSwiftyNet */,
				BB026B102D29D1EE00DE3D1F /* ExampleSwiftyNetTests */,
				BB026B1A2D29D1EE00DE3D1F /* ExampleSwiftyNetUITests */,
			);
		};
/* End PBXProject section */

/* Begin PBXResourcesBuildPhase section */
		BB026AFC2D29D1EC00DE3D1F /* Resources */ = {
			isa = PBXResourcesBuildPhase;
			buildActionMask = 2147483647;
			files = (
			);
			runOnlyForDeploymentPostprocessing = 0;
		};
		BB026B0F2D29D1EE00DE3D1F /* Resources */ = {
			isa = PBXResourcesBuildPhase;
			buildActionMask = 2147483647;
			files = (
			);
			runOnlyForDeploymentPostprocessing = 0;
		};
		BB026B192D29D1EE00DE3D1F /* Resources */ = {
			isa = PBXResourcesBuildPhase;
			buildActionMask = 2147483647;
			files = (
			);
			runOnlyForDeploymentPostprocessing = 0;
		};
/* End PBXResourcesBuildPhase section */

/* Begin PBXSourcesBuildPhase section */
		BB026AFA2D29D1EC00DE3D1F /* Sources */ = {
			isa = PBXSourcesBuildPhase;
			buildActionMask = 2147483647;
			files = (
			);
			runOnlyForDeploymentPostprocessing = 0;
		};
		BB026B0D2D29D1EE00DE3D1F /* Sources */ = {
			isa = PBXSourcesBuildPhase;
			buildActionMask = 2147483647;
			files = (
			);
			runOnlyForDeploymentPostprocessing = 0;
		};
		BB026B172D29D1EE00DE3D1F /* Sources */ = {
			isa = PBXSourcesBuildPhase;
			buildActionMask = 2147483647;
			files = (
			);
			runOnlyForDeploymentPostprocessing = 0;
		};
/* End PBXSourcesBuildPhase section */

/* Begin PBXTargetDependency section */
		BB026B132D29D1EE00DE3D1F /* PBXTargetDependency */ = {
			isa = PBXTargetDependency;
			target = BB026AFD2D29D1EC00DE3D1F /* ExampleSwiftyNet */;
			targetProxy = BB026B122D29D1EE00DE3D1F /* PBXContainerItemProxy */;
		};
		BB026B1D2D29D1EE00DE3D1F /* PBXTargetDependency */ = {
			isa = PBXTargetDependency;
			target = BB026AFD2D29D1EC00DE3D1F /* ExampleSwiftyNet */;
			targetProxy = BB026B1C2D29D1EE00DE3D1F /* PBXContainerItemProxy */;
		};
/* End PBXTargetDependency section */

/* Begin XCBuildConfiguration section */
		BB026B232D29D1EE00DE3D1F /* Debug */ = {
			isa = XCBuildConfiguration;
			buildSettings = {
				ALWAYS_SEARCH_USER_PATHS = NO;
				ASSETCATALOG_COMPILER_GENERATE_SWIFT_ASSET_SYMBOL_EXTENSIONS = YES;
				CLANG_ANALYZER_NONNULL = YES;
				CLANG_ANALYZER_NUMBER_OBJECT_CONVERSION = YES_AGGRESSIVE;
				CLANG_CXX_LANGUAGE_STANDARD = "gnu++20";
				CLANG_ENABLE_MODULES = YES;
				CLANG_ENABLE_OBJC_ARC = YES;
				CLANG_ENABLE_OBJC_WEAK = YES;
				CLANG_WARN_BLOCK_CAPTURE_AUTORELEASING = YES;
				CLANG_WARN_BOOL_CONVERSION = YES;
				CLANG_WARN_COMMA = YES;
				CLANG_WARN_CONSTANT_CONVERSION = YES;
				CLANG_WARN_DEPRECATED_OBJC_IMPLEMENTATIONS = YES;
				CLANG_WARN_DIRECT_OBJC_ISA_USAGE = YES_ERROR;
				CLANG_WARN_DOCUMENTATION_COMMENTS = YES;
				CLANG_WARN_EMPTY_BODY = YES;
				CLANG_WARN_ENUM_CONVERSION = YES;
				CLANG_WARN_INFINITE_RECURSION = YES;
				CLANG_WARN_INT_CONVERSION = YES;
				CLANG_WARN_NON_LITERAL_NULL_CONVERSION = YES;
				CLANG_WARN_OBJC_IMPLICIT_RETAIN_SELF = YES;
				CLANG_WARN_OBJC_LITERAL_CONVERSION = YES;
				CLANG_WARN_OBJC_ROOT_CLASS = YES_ERROR;
				CLANG_WARN_QUOTED_INCLUDE_IN_FRAMEWORK_HEADER = YES;
				CLANG_WARN_RANGE_LOOP_ANALYSIS = YES;
				CLANG_WARN_STRICT_PROTOTYPES = YES;
				CLANG_WARN_SUSPICIOUS_MOVE = YES;
				CLANG_WARN_UNGUARDED_AVAILABILITY = YES_AGGRESSIVE;
				CLANG_WARN_UNREACHABLE_CODE = YES;
				CLANG_WARN__DUPLICATE_METHOD_MATCH = YES;
				COPY_PHASE_STRIP = NO;
				DEAD_CODE_STRIPPING = YES;
				DEBUG_INFORMATION_FORMAT = dwarf;
				ENABLE_STRICT_OBJC_MSGSEND = YES;
				ENABLE_TESTABILITY = YES;
				ENABLE_USER_SCRIPT_SANDBOXING = YES;
				GCC_C_LANGUAGE_STANDARD = gnu17;
				GCC_DYNAMIC_NO_PIC = NO;
				GCC_NO_COMMON_BLOCKS = YES;
				GCC_OPTIMIZATION_LEVEL = 0;
				GCC_PREPROCESSOR_DEFINITIONS = (
					"DEBUG=1",
					"$(inherited)",
				);
				GCC_WARN_64_TO_32_BIT_CONVERSION = YES;
				GCC_WARN_ABOUT_RETURN_TYPE = YES_ERROR;
				GCC_WARN_UNDECLARED_SELECTOR = YES;
				GCC_WARN_UNINITIALIZED_AUTOS = YES_AGGRESSIVE;
				GCC_WARN_UNUSED_FUNCTION = YES;
				GCC_WARN_UNUSED_VARIABLE = YES;
				LOCALIZATION_PREFERS_STRING_CATALOGS = YES;
				MTL_ENABLE_DEBUG_INFO = INCLUDE_SOURCE;
				MTL_FAST_MATH = YES;
				ONLY_ACTIVE_ARCH = YES;
				SWIFT_ACTIVE_COMPILATION_CONDITIONS = "DEBUG $(inherited)";
				SWIFT_OPTIMIZATION_LEVEL = "-Onone";
			};
			name = Debug;
		};
		BB026B242D29D1EE00DE3D1F /* Release */ = {
			isa = XCBuildConfiguration;
			buildSettings = {
				ALWAYS_SEARCH_USER_PATHS = NO;
				ASSETCATALOG_COMPILER_GENERATE_SWIFT_ASSET_SYMBOL_EXTENSIONS = YES;
				CLANG_ANALYZER_NONNULL = YES;
				CLANG_ANALYZER_NUMBER_OBJECT_CONVERSION = YES_AGGRESSIVE;
				CLANG_CXX_LANGUAGE_STANDARD = "gnu++20";
				CLANG_ENABLE_MODULES = YES;
				CLANG_ENABLE_OBJC_ARC = YES;
				CLANG_ENABLE_OBJC_WEAK = YES;
				CLANG_WARN_BLOCK_CAPTURE_AUTORELEASING = YES;
				CLANG_WARN_BOOL_CONVERSION = YES;
				CLANG_WARN_COMMA = YES;
				CLANG_WARN_CONSTANT_CONVERSION = YES;
				CLANG_WARN_DEPRECATED_OBJC_IMPLEMENTATIONS = YES;
				CLANG_WARN_DIRECT_OBJC_ISA_USAGE = YES_ERROR;
				CLANG_WARN_DOCUMENTATION_COMMENTS = YES;
				CLANG_WARN_EMPTY_BODY = YES;
				CLANG_WARN_ENUM_CONVERSION = YES;
				CLANG_WARN_INFINITE_RECURSION = YES;
				CLANG_WARN_INT_CONVERSION = YES;
				CLANG_WARN_NON_LITERAL_NULL_CONVERSION = YES;
				CLANG_WARN_OBJC_IMPLICIT_RETAIN_SELF = YES;
				CLANG_WARN_OBJC_LITERAL_CONVERSION = YES;
				CLANG_WARN_OBJC_ROOT_CLASS = YES_ERROR;
				CLANG_WARN_QUOTED_INCLUDE_IN_FRAMEWORK_HEADER = YES;
				CLANG_WARN_RANGE_LOOP_ANALYSIS = YES;
				CLANG_WARN_STRICT_PROTOTYPES = YES;
				CLANG_WARN_SUSPICIOUS_MOVE = YES;
				CLANG_WARN_UNGUARDED_AVAILABILITY = YES_AGGRESSIVE;
				CLANG_WARN_UNREACHABLE_CODE = YES;
				CLANG_WARN__DUPLICATE_METHOD_MATCH = YES;
				COPY_PHASE_STRIP = NO;
				DEAD_CODE_STRIPPING = YES;
				DEBUG_INFORMATION_FORMAT = "dwarf-with-dsym";
				ENABLE_NS_ASSERTIONS = NO;
				ENABLE_STRICT_OBJC_MSGSEND = YES;
				ENABLE_USER_SCRIPT_SANDBOXING = YES;
				GCC_C_LANGUAGE_STANDARD = gnu17;
				GCC_NO_COMMON_BLOCKS = YES;
				GCC_WARN_64_TO_32_BIT_CONVERSION = YES;
				GCC_WARN_ABOUT_RETURN_TYPE = YES_ERROR;
				GCC_WARN_UNDECLARED_SELECTOR = YES;
				GCC_WARN_UNINITIALIZED_AUTOS = YES_AGGRESSIVE;
				GCC_WARN_UNUSED_FUNCTION = YES;
				GCC_WARN_UNUSED_VARIABLE = YES;
				LOCALIZATION_PREFERS_STRING_CATALOGS = YES;
				MTL_ENABLE_DEBUG_INFO = NO;
				MTL_FAST_MATH = YES;
				SWIFT_COMPILATION_MODE = wholemodule;
			};
			name = Release;
		};
		BB026B262D29D1EE00DE3D1F /* Debug */ = {
			isa = XCBuildConfiguration;
			buildSettings = {
				ASSETCATALOG_COMPILER_APPICON_NAME = AppIcon;
				ASSETCATALOG_COMPILER_GLOBAL_ACCENT_COLOR_NAME = AccentColor;
				CODE_SIGN_ENTITLEMENTS = ExampleSwiftyNet/ExampleSwiftyNet.entitlements;
				CODE_SIGN_STYLE = Automatic;
				CURRENT_PROJECT_VERSION = 1;
				DEAD_CODE_STRIPPING = YES;
				DEVELOPMENT_ASSET_PATHS = "\"ExampleSwiftyNet/Preview Content\"";
				DEVELOPMENT_TEAM = 55A5VSLH99;
				ENABLE_HARDENED_RUNTIME = YES;
				ENABLE_PREVIEWS = YES;
				GENERATE_INFOPLIST_FILE = YES;
				"INFOPLIST_KEY_UIApplicationSceneManifest_Generation[sdk=iphoneos*]" = YES;
				"INFOPLIST_KEY_UIApplicationSceneManifest_Generation[sdk=iphonesimulator*]" = YES;
				"INFOPLIST_KEY_UIApplicationSupportsIndirectInputEvents[sdk=iphoneos*]" = YES;
				"INFOPLIST_KEY_UIApplicationSupportsIndirectInputEvents[sdk=iphonesimulator*]" = YES;
				"INFOPLIST_KEY_UILaunchScreen_Generation[sdk=iphoneos*]" = YES;
				"INFOPLIST_KEY_UILaunchScreen_Generation[sdk=iphonesimulator*]" = YES;
				"INFOPLIST_KEY_UIStatusBarStyle[sdk=iphoneos*]" = UIStatusBarStyleDefault;
				"INFOPLIST_KEY_UIStatusBarStyle[sdk=iphonesimulator*]" = UIStatusBarStyleDefault;
				INFOPLIST_KEY_UISupportedInterfaceOrientations_iPad = "UIInterfaceOrientationPortrait UIInterfaceOrientationPortraitUpsideDown UIInterfaceOrientationLandscapeLeft UIInterfaceOrientationLandscapeRight";
				INFOPLIST_KEY_UISupportedInterfaceOrientations_iPhone = "UIInterfaceOrientationPortrait UIInterfaceOrientationLandscapeLeft UIInterfaceOrientationLandscapeRight";
				IPHONEOS_DEPLOYMENT_TARGET = 18.0;
				LD_RUNPATH_SEARCH_PATHS = "@executable_path/Frameworks";
				"LD_RUNPATH_SEARCH_PATHS[sdk=macosx*]" = "@executable_path/../Frameworks";
				MACOSX_DEPLOYMENT_TARGET = 14.0;
				MARKETING_VERSION = 1.0;
				PRODUCT_BUNDLE_IDENTIFIER = com.mtaden.app.multi.ExampleSwiftyNet;
				PRODUCT_NAME = "$(TARGET_NAME)";
				SDKROOT = auto;
				SUPPORTED_PLATFORMS = "iphoneos iphonesimulator macosx xros xrsimulator";
				SWIFT_EMIT_LOC_STRINGS = YES;
				SWIFT_VERSION = 5.0;
				TARGETED_DEVICE_FAMILY = "1,2,7";
				XROS_DEPLOYMENT_TARGET = 2.0;
			};
			name = Debug;
		};
		BB026B272D29D1EE00DE3D1F /* Release */ = {
			isa = XCBuildConfiguration;
			buildSettings = {
				ASSETCATALOG_COMPILER_APPICON_NAME = AppIcon;
				ASSETCATALOG_COMPILER_GLOBAL_ACCENT_COLOR_NAME = AccentColor;
				CODE_SIGN_ENTITLEMENTS = ExampleSwiftyNet/ExampleSwiftyNet.entitlements;
				CODE_SIGN_STYLE = Automatic;
				CURRENT_PROJECT_VERSION = 1;
				DEAD_CODE_STRIPPING = YES;
				DEVELOPMENT_ASSET_PATHS = "\"ExampleSwiftyNet/Preview Content\"";
				DEVELOPMENT_TEAM = 55A5VSLH99;
				ENABLE_HARDENED_RUNTIME = YES;
				ENABLE_PREVIEWS = YES;
				GENERATE_INFOPLIST_FILE = YES;
				"INFOPLIST_KEY_UIApplicationSceneManifest_Generation[sdk=iphoneos*]" = YES;
				"INFOPLIST_KEY_UIApplicationSceneManifest_Generation[sdk=iphonesimulator*]" = YES;
				"INFOPLIST_KEY_UIApplicationSupportsIndirectInputEvents[sdk=iphoneos*]" = YES;
				"INFOPLIST_KEY_UIApplicationSupportsIndirectInputEvents[sdk=iphonesimulator*]" = YES;
				"INFOPLIST_KEY_UILaunchScreen_Generation[sdk=iphoneos*]" = YES;
				"INFOPLIST_KEY_UILaunchScreen_Generation[sdk=iphonesimulator*]" = YES;
				"INFOPLIST_KEY_UIStatusBarStyle[sdk=iphoneos*]" = UIStatusBarStyleDefault;
				"INFOPLIST_KEY_UIStatusBarStyle[sdk=iphonesimulator*]" = UIStatusBarStyleDefault;
				INFOPLIST_KEY_UISupportedInterfaceOrientations_iPad = "UIInterfaceOrientationPortrait UIInterfaceOrientationPortraitUpsideDown UIInterfaceOrientationLandscapeLeft UIInterfaceOrientationLandscapeRight";
				INFOPLIST_KEY_UISupportedInterfaceOrientations_iPhone = "UIInterfaceOrientationPortrait UIInterfaceOrientationLandscapeLeft UIInterfaceOrientationLandscapeRight";
				IPHONEOS_DEPLOYMENT_TARGET = 18.0;
				LD_RUNPATH_SEARCH_PATHS = "@executable_path/Frameworks";
				"LD_RUNPATH_SEARCH_PATHS[sdk=macosx*]" = "@executable_path/../Frameworks";
				MACOSX_DEPLOYMENT_TARGET = 14.0;
				MARKETING_VERSION = 1.0;
				PRODUCT_BUNDLE_IDENTIFIER = com.mtaden.app.multi.ExampleSwiftyNet;
				PRODUCT_NAME = "$(TARGET_NAME)";
				SDKROOT = auto;
				SUPPORTED_PLATFORMS = "iphoneos iphonesimulator macosx xros xrsimulator";
				SWIFT_EMIT_LOC_STRINGS = YES;
				SWIFT_VERSION = 5.0;
				TARGETED_DEVICE_FAMILY = "1,2,7";
				XROS_DEPLOYMENT_TARGET = 2.0;
			};
			name = Release;
		};
		BB026B292D29D1EE00DE3D1F /* Debug */ = {
			isa = XCBuildConfiguration;
			buildSettings = {
				BUNDLE_LOADER = "$(TEST_HOST)";
				CODE_SIGN_STYLE = Automatic;
				CURRENT_PROJECT_VERSION = 1;
				DEAD_CODE_STRIPPING = YES;
				DEVELOPMENT_TEAM = 55A5VSLH99;
				GENERATE_INFOPLIST_FILE = YES;
				IPHONEOS_DEPLOYMENT_TARGET = 18.0;
				MACOSX_DEPLOYMENT_TARGET = 15.0;
				MARKETING_VERSION = 1.0;
				PRODUCT_BUNDLE_IDENTIFIER = com.mtaden.app.multi.ExampleSwiftyNetTests;
				PRODUCT_NAME = "$(TARGET_NAME)";
				SDKROOT = auto;
				SUPPORTED_PLATFORMS = "iphoneos iphonesimulator macosx xros xrsimulator";
				SWIFT_EMIT_LOC_STRINGS = NO;
				SWIFT_VERSION = 5.0;
				TARGETED_DEVICE_FAMILY = "1,2,7";
				TEST_HOST = "$(BUILT_PRODUCTS_DIR)/ExampleSwiftyNet.app/$(BUNDLE_EXECUTABLE_FOLDER_PATH)/ExampleSwiftyNet";
				XROS_DEPLOYMENT_TARGET = 2.0;
			};
			name = Debug;
		};
		BB026B2A2D29D1EE00DE3D1F /* Release */ = {
			isa = XCBuildConfiguration;
			buildSettings = {
				BUNDLE_LOADER = "$(TEST_HOST)";
				CODE_SIGN_STYLE = Automatic;
				CURRENT_PROJECT_VERSION = 1;
				DEAD_CODE_STRIPPING = YES;
				DEVELOPMENT_TEAM = 55A5VSLH99;
				GENERATE_INFOPLIST_FILE = YES;
				IPHONEOS_DEPLOYMENT_TARGET = 18.0;
				MACOSX_DEPLOYMENT_TARGET = 15.0;
				MARKETING_VERSION = 1.0;
				PRODUCT_BUNDLE_IDENTIFIER = com.mtaden.app.multi.ExampleSwiftyNetTests;
				PRODUCT_NAME = "$(TARGET_NAME)";
				SDKROOT = auto;
				SUPPORTED_PLATFORMS = "iphoneos iphonesimulator macosx xros xrsimulator";
				SWIFT_EMIT_LOC_STRINGS = NO;
				SWIFT_VERSION = 5.0;
				TARGETED_DEVICE_FAMILY = "1,2,7";
				TEST_HOST = "$(BUILT_PRODUCTS_DIR)/ExampleSwiftyNet.app/$(BUNDLE_EXECUTABLE_FOLDER_PATH)/ExampleSwiftyNet";
				XROS_DEPLOYMENT_TARGET = 2.0;
			};
			name = Release;
		};
		BB026B2C2D29D1EE00DE3D1F /* Debug */ = {
			isa = XCBuildConfiguration;
			buildSettings = {
				CODE_SIGN_STYLE = Automatic;
				CURRENT_PROJECT_VERSION = 1;
				DEAD_CODE_STRIPPING = YES;
				DEVELOPMENT_TEAM = 55A5VSLH99;
				GENERATE_INFOPLIST_FILE = YES;
				IPHONEOS_DEPLOYMENT_TARGET = 18.0;
				MACOSX_DEPLOYMENT_TARGET = 15.0;
				MARKETING_VERSION = 1.0;
				PRODUCT_BUNDLE_IDENTIFIER = com.mtaden.app.multi.ExampleSwiftyNetUITests;
				PRODUCT_NAME = "$(TARGET_NAME)";
				SDKROOT = auto;
				SUPPORTED_PLATFORMS = "iphoneos iphonesimulator macosx xros xrsimulator";
				SWIFT_EMIT_LOC_STRINGS = NO;
				SWIFT_VERSION = 5.0;
				TARGETED_DEVICE_FAMILY = "1,2,7";
				TEST_TARGET_NAME = ExampleSwiftyNet;
				XROS_DEPLOYMENT_TARGET = 2.0;
			};
			name = Debug;
		};
		BB026B2D2D29D1EE00DE3D1F /* Release */ = {
			isa = XCBuildConfiguration;
			buildSettings = {
				CODE_SIGN_STYLE = Automatic;
				CURRENT_PROJECT_VERSION = 1;
				DEAD_CODE_STRIPPING = YES;
				DEVELOPMENT_TEAM = 55A5VSLH99;
				GENERATE_INFOPLIST_FILE = YES;
				IPHONEOS_DEPLOYMENT_TARGET = 18.0;
				MACOSX_DEPLOYMENT_TARGET = 15.0;
				MARKETING_VERSION = 1.0;
				PRODUCT_BUNDLE_IDENTIFIER = com.mtaden.app.multi.ExampleSwiftyNetUITests;
				PRODUCT_NAME = "$(TARGET_NAME)";
				SDKROOT = auto;
				SUPPORTED_PLATFORMS = "iphoneos iphonesimulator macosx xros xrsimulator";
				SWIFT_EMIT_LOC_STRINGS = NO;
				SWIFT_VERSION = 5.0;
				TARGETED_DEVICE_FAMILY = "1,2,7";
				TEST_TARGET_NAME = ExampleSwiftyNet;
				XROS_DEPLOYMENT_TARGET = 2.0;
			};
			name = Release;
		};
/* End XCBuildConfiguration section */

/* Begin XCConfigurationList section */
		BB026AF92D29D1EC00DE3D1F /* Build configuration list for PBXProject "ExampleSwiftyNet" */ = {
			isa = XCConfigurationList;
			buildConfigurations = (
				BB026B232D29D1EE00DE3D1F /* Debug */,
				BB026B242D29D1EE00DE3D1F /* Release */,
			);
			defaultConfigurationIsVisible = 0;
			defaultConfigurationName = Release;
		};
		BB026B252D29D1EE00DE3D1F /* Build configuration list for PBXNativeTarget "ExampleSwiftyNet" */ = {
			isa = XCConfigurationList;
			buildConfigurations = (
				BB026B262D29D1EE00DE3D1F /* Debug */,
				BB026B272D29D1EE00DE3D1F /* Release */,
			);
			defaultConfigurationIsVisible = 0;
			defaultConfigurationName = Release;
		};
		BB026B282D29D1EE00DE3D1F /* Build configuration list for PBXNativeTarget "ExampleSwiftyNetTests" */ = {
			isa = XCConfigurationList;
			buildConfigurations = (
				BB026B292D29D1EE00DE3D1F /* Debug */,
				BB026B2A2D29D1EE00DE3D1F /* Release */,
			);
			defaultConfigurationIsVisible = 0;
			defaultConfigurationName = Release;
		};
		BB026B2B2D29D1EE00DE3D1F /* Build configuration list for PBXNativeTarget "ExampleSwiftyNetUITests" */ = {
			isa = XCConfigurationList;
			buildConfigurations = (
				BB026B2C2D29D1EE00DE3D1F /* Debug */,
				BB026B2D2D29D1EE00DE3D1F /* Release */,
			);
			defaultConfigurationIsVisible = 0;
			defaultConfigurationName = Release;
		};
/* End XCConfigurationList section */
	};
	rootObject = BB026AF62D29D1EC00DE3D1F /* Project object */;
}
